// !$*UTF8*$!
{
	archiveVersion = 1;
	classes = {
	};
	objectVersion = 46;
	objects = {

/* Begin PBXBuildFile section */
		CC6D3FCE1D0EB5F4002A222B /* main.m in Sources */ = {isa = PBXBuildFile; fileRef = CC6D3FCD1D0EB5F4002A222B /* main.m */; };
		CC6D3FD11D0EB5F4002A222B /* AppDelegate.m in Sources */ = {isa = PBXBuildFile; fileRef = CC6D3FD01D0EB5F4002A222B /* AppDelegate.m */; };
		CC6D3FD41D0EB5F4002A222B /* ViewController.m in Sources */ = {isa = PBXBuildFile; fileRef = CC6D3FD31D0EB5F4002A222B /* ViewController.m */; };
		CC6D3FD71D0EB5F4002A222B /* Main.storyboard in Resources */ = {isa = PBXBuildFile; fileRef = CC6D3FD51D0EB5F4002A222B /* Main.storyboard */; };
		CC6D3FD91D0EB5F4002A222B /* Assets.xcassets in Resources */ = {isa = PBXBuildFile; fileRef = CC6D3FD81D0EB5F4002A222B /* Assets.xcassets */; };
		CC6D3FDC1D0EB5F4002A222B /* LaunchScreen.storyboard in Resources */ = {isa = PBXBuildFile; fileRef = CC6D3FDA1D0EB5F4002A222B /* LaunchScreen.storyboard */; };
		CC6D3FE51D0EB8F8002A222B /* SecondViewController.m in Sources */ = {isa = PBXBuildFile; fileRef = CC6D3FE41D0EB8F8002A222B /* SecondViewController.m */; };
/* End PBXBuildFile section */

/* Begin PBXFileReference section */
		CC6D3FC91D0EB5F4002A222B /* TestForSegue.app */ = {isa = PBXFileReference; explicitFileType = wrapper.application; includeInIndex = 0; path = TestForSegue.app; sourceTree = BUILT_PRODUCTS_DIR; };
		CC6D3FCD1D0EB5F4002A222B /* main.m */ = {isa = PBXFileReference; lastKnownFileType = sourcecode.c.objc; path = main.m; sourceTree = "<group>"; };
		CC6D3FCF1D0EB5F4002A222B /* AppDelegate.h */ = {isa = PBXFileReference; lastKnownFileType = sourcecode.c.h; path = AppDelegate.h; sourceTree = "<group>"; };
		CC6D3FD01D0EB5F4002A222B /* AppDelegate.m */ = {isa = PBXFileReference; lastKnownFileType = sourcecode.c.objc; path = AppDelegate.m; sourceTree = "<group>"; };
		CC6D3FD21D0EB5F4002A222B /* ViewController.h */ = {isa = PBXFileReference; lastKnownFileType = sourcecode.c.h; path = ViewController.h; sourceTree = "<group>"; };
		CC6D3FD31D0EB5F4002A222B /* ViewController.m */ = {isa = PBXFileReference; lastKnownFileType = sourcecode.c.objc; path = ViewController.m; sourceTree = "<group>"; };
		CC6D3FD61D0EB5F4002A222B /* Base */ = {isa = PBXFileReference; lastKnownFileType = file.storyboard; name = Base; path = Base.lproj/Main.storyboard; sourceTree = "<group>"; };
		CC6D3FD81D0EB5F4002A222B /* Assets.xcassets */ = {isa = PBXFileReference; lastKnownFileType = folder.assetcatalog; path = Assets.xcassets; sourceTree = "<group>"; };
		CC6D3FDB1D0EB5F4002A222B /* Base */ = {isa = PBXFileReference; lastKnownFileType = file.storyboard; name = Base; path = Base.lproj/LaunchScreen.storyboard; sourceTree = "<group>"; };
		CC6D3FDD1D0EB5F4002A222B /* Info.plist */ = {isa = PBXFileReference; lastKnownFileType = text.plist.xml; path = Info.plist; sourceTree = "<group>"; };
		CC6D3FE31D0EB8F8002A222B /* SecondViewController.h */ = {isa = PBXFileReference; fileEncoding = 4; lastKnownFileType = sourcecode.c.h; path = SecondViewController.h; sourceTree = "<group>"; };
		CC6D3FE41D0EB8F8002A222B /* SecondViewController.m */ = {isa = PBXFileReference; fileEncoding = 4; lastKnownFileType = sourcecode.c.objc; path = SecondViewController.m; sourceTree = "<group>"; };
/* End PBXFileReference section */

/* Begin PBXFrameworksBuildPhase section */
		CC6D3FC61D0EB5F4002A222B /* Frameworks */ = {
			isa = PBXFrameworksBuildPhase;
			buildActionMask = 2147483647;
			files = (
			);
			runOnlyForDeploymentPostprocessing = 0;
		};
/* End PBXFrameworksBuildPhase section */

/* Begin PBXGroup section */
		CC6D3FC01D0EB5F4002A222B = {
			isa = PBXGroup;
			children = (
				CC6D3FCB1D0EB5F4002A222B /* TestForSegue */,
				CC6D3FCA1D0EB5F4002A222B /* Products */,
			);
			sourceTree = "<group>";
		};
		CC6D3FCA1D0EB5F4002A222B /* Products */ = {
			isa = PBXGroup;
			children = (
				CC6D3FC91D0EB5F4002A222B /* TestForSegue.app */,
			);
			name = Products;
			sourceTree = "<group>";
		};
		CC6D3FCB1D0EB5F4002A222B /* TestForSegue */ = {
			isa = PBXGroup;
			children = (
				CC6D3FCF1D0EB5F4002A222B /* AppDelegate.h */,
				CC6D3FD01D0EB5F4002A222B /* AppDelegate.m */,
				CC6D3FD21D0EB5F4002A222B /* ViewController.h */,
				CC6D3FD31D0EB5F4002A222B /* ViewController.m */,
				CC6D3FE31D0EB8F8002A222B /* SecondViewController.h */,
				CC6D3FE41D0EB8F8002A222B /* SecondViewController.m */,
				CC6D3FD51D0EB5F4002A222B /* Main.storyboard */,
				CC6D3FD81D0EB5F4002A222B /* Assets.xcassets */,
				CC6D3FDA1D0EB5F4002A222B /* LaunchScreen.storyboard */,
				CC6D3FDD1D0EB5F4002A222B /* Info.plist */,
				CC6D3FCC1D0EB5F4002A222B /* Supporting Files */,
			);
			path = TestForSegue;
			sourceTree = "<group>";
		};
		CC6D3FCC1D0EB5F4002A222B /* Supporting Files */ = {
			isa = PBXGroup;
			children = (
				CC6D3FCD1D0EB5F4002A222B /* main.m */,
			);
			name = "Supporting Files";
			sourceTree = "<group>";
		};
/* End PBXGroup section */

/* Begin PBXNativeTarget section */
		CC6D3FC81D0EB5F4002A222B /* TestForSegue */ = {
			isa = PBXNativeTarget;
			buildConfigurationList = CC6D3FE01D0EB5F4002A222B /* Build configuration list for PBXNativeTarget "TestForSegue" */;
			buildPhases = (
				CC6D3FC51D0EB5F4002A222B /* Sources */,
				CC6D3FC61D0EB5F4002A222B /* Frameworks */,
				CC6D3FC71D0EB5F4002A222B /* Resources */,
			);
			buildRules = (
			);
			dependencies = (
			);
			name = TestForSegue;
			productName = TestForSegue;
			productReference = CC6D3FC91D0EB5F4002A222B /* TestForSegue.app */;
			productType = "com.apple.product-type.application";
		};
/* End PBXNativeTarget section */

/* Begin PBXProject section */
		CC6D3FC11D0EB5F4002A222B /* Project object */ = {
			isa = PBXProject;
			attributes = {
				LastUpgradeCheck = 0730;
				ORGANIZATIONNAME = qingyun;
				TargetAttributes = {
					CC6D3FC81D0EB5F4002A222B = {
						CreatedOnToolsVersion = 7.3;
					};
				};
			};
			buildConfigurationList = CC6D3FC41D0EB5F4002A222B /* Build configuration list for PBXProject "TestForSegue" */;
			compatibilityVersion = "Xcode 3.2";
			developmentRegion = English;
			hasScannedForEncodings = 0;
			knownRegions = (
				en,
				Base,
			);
			mainGroup = CC6D3FC01D0EB5F4002A222B;
			productRefGroup = CC6D3FCA1D0EB5F4002A222B /* Products */;
			projectDirPath = "";
			projectRoot = "";
			targets = (
				CC6D3FC81D0EB5F4002A222B /* TestForSegue */,
			);
		};
/* End PBXProject section */

/* Begin PBXResourcesBuildPhase section */
		CC6D3FC71D0EB5F4002A222B /* Resources */ = {
			isa = PBXResourcesBuildPhase;
			buildActionMask = 2147483647;
			files = (
				CC6D3FDC1D0EB5F4002A222B /* LaunchScreen.storyboard in Resources */,
				CC6D3FD91D0EB5F4002A222B /* Assets.xcassets in Resources */,
				CC6D3FD71D0EB5F4002A222B /* Main.storyboard in Resources */,
			);
			runOnlyForDeploymentPostprocessing = 0;
		};
/* End PBXResourcesBuildPhase section */

/* Begin PBXSourcesBuildPhase section */
		CC6D3FC51D0EB5F4002A222B /* Sources */ = {
			isa = PBXSourcesBuildPhase;
			buildActionMask = 2147483647;
			files = (
				CC6D3FE51D0EB8F8002A222B /* SecondViewController.m in Sources */,
				CC6D3FD41D0EB5F4002A222B /* ViewController.m in Sources */,
				CC6D3FD11D0EB5F4002A222B /* AppDelegate.m in Sources */,
				CC6D3FCE1D0EB5F4002A222B /* main.m in Sources */,
			);
			runOnlyForDeploymentPostprocessing = 0;
		};
/* End PBXSourcesBuildPhase section */

/* Begin PBXVariantGroup section */
		CC6D3FD51D0EB5F4002A222B /* Main.storyboard */ = {
			isa = PBXVariantGroup;
			children = (
				CC6D3FD61D0EB5F4002A222B /* Base */,
			);
			name = Main.storyboard;
			sourceTree = "<group>";
		};
		CC6D3FDA1D0EB5F4002A222B /* LaunchScreen.storyboard */ = {
			isa = PBXVariantGroup;
			children = (
				CC6D3FDB1D0EB5F4002A222B /* Base */,
			);
			name = LaunchScreen.storyboard;
			sourceTree = "<group>";
		};
/* End PBXVariantGroup section */

/* Begin XCBuildConfiguration section */
		CC6D3FDE1D0EB5F4002A222B /* Debug */ = {
			isa = XCBuildConfiguration;
			buildSettings = {
				ALWAYS_SEARCH_USER_PATHS = NO;
				CLANG_ANALYZER_NONNULL = YES;
				CLANG_CXX_LANGUAGE_STANDARD = "gnu++0x";
				CLANG_CXX_LIBRARY = "libc++";
				CLANG_ENABLE_MODULES = YES;
				CLANG_ENABLE_OBJC_ARC = YES;
				CLANG_WARN_BOOL_CONVERSION = YES;
				CLANG_WARN_CONSTANT_CONVERSION = YES;
				CLANG_WARN_DIRECT_OBJC_ISA_USAGE = YES_ERROR;
				CLANG_WARN_EMPTY_BODY = YES;
				CLANG_WARN_ENUM_CONVERSION = YES;
				CLANG_WARN_INT_CONVERSION = YES;
				CLANG_WARN_OBJC_ROOT_CLASS = YES_ERROR;
				CLANG_WARN_UNREACHABLE_CODE = YES;
				CLANG_WARN__DUPLICATE_METHOD_MATCH = YES;
				"CODE_SIGN_IDENTITY[sdk=iphoneos*]" = "iPhone Developer";
				COPY_PHASE_STRIP = NO;
				DEBUG_INFORMATION_FORMAT = dwarf;
				ENABLE_STRICT_OBJC_MSGSEND = YES;
				ENABLE_TESTABILITY = YES;
				GCC_C_LANGUAGE_STANDARD = gnu99;
				GCC_DYNAMIC_NO_PIC = NO;
				GCC_NO_COMMON_BLOCKS = YES;
				GCC_OPTIMIZATION_LEVEL = 0;
				GCC_PREPROCESSOR_DEFINITIONS = (
					"DEBUG=1",
					"$(inherited)",
				);
				GCC_WARN_64_TO_32_BIT_CONVERSION = YES;
				GCC_WARN_ABOUT_RETURN_TYPE = YES_ERROR;
				GCC_WARN_UNDECLARED_SELECTOR = YES;
				GCC_WARN_UNINITIALIZED_AUTOS = YES_AGGRESSIVE;
				GCC_WARN_UNUSED_FUNCTION = YES;
				GCC_WARN_UNUSED_VARIABLE = YES;
				IPHONEOS_DEPLOYMENT_TARGET = 9.3;
				MTL_ENABLE_DEBUG_INFO = YES;
				ONLY_ACTIVE_ARCH = YES;
				SDKROOT = iphoneos;
			};
			name = Debug;
		};
		CC6D3FDF1D0EB5F4002A222B /* Release */ = {
			isa = XCBuildConfiguration;
			buildSettings = {
				ALWAYS_SEARCH_USER_PATHS = NO;
				CLANG_ANALYZER_NONNULL = YES;
				CLANG_CXX_LANGUAGE_STANDARD = "gnu++0x";
				CLANG_CXX_LIBRARY = "libc++";
				CLANG_ENABLE_MODULES = YES;
				CLANG_ENABLE_OBJC_ARC = YES;
				CLANG_WARN_BOOL_CONVERSION = YES;
				CLANG_WARN_CONSTANT_CONVERSION = YES;
				CLANG_WARN_DIRECT_OBJC_ISA_USAGE = YES_ERROR;
				CLANG_WARN_EMPTY_BODY = YES;
				CLANG_WARN_ENUM_CONVERSION = YES;
				CLANG_WARN_INT_CONVERSION = YES;
				CLANG_WARN_OBJC_ROOT_CLASS = YES_ERROR;
				CLANG_WARN_UNREACHABLE_CODE = YES;
				CLANG_WARN__DUPLICATE_METHOD_MATCH = YES;
				"CODE_SIGN_IDENTITY[sdk=iphoneos*]" = "iPhone Developer";
				COPY_PHASE_STRIP = NO;
				DEBUG_INFORMATION_FORMAT = "dwarf-with-dsym";
				ENABLE_NS_ASSERTIONS = NO;
				ENABLE_STRICT_OBJC_MSGSEND = YES;
				GCC_C_LANGUAGE_STANDARD = gnu99;
				GCC_NO_COMMON_BLOCKS = YES;
				GCC_WARN_64_TO_32_BIT_CONVERSION = YES;
				GCC_WARN_ABOUT_RETURN_TYPE = YES_ERROR;
				GCC_WARN_UNDECLARED_SELECTOR = YES;
				GCC_WARN_UNINITIALIZED_AUTOS = YES_AGGRESSIVE;
				GCC_WARN_UNUSED_FUNCTION = YES;
				GCC_WARN_UNUSED_VARIABLE = YES;
				IPHONEOS_DEPLOYMENT_TARGET = 9.3;
				MTL_ENABLE_DEBUG_INFO = NO;
				SDKROOT = iphoneos;
				VALIDATE_PRODUCT = YES;
			};
			name = Release;
		};
		CC6D3FE11D0EB5F4002A222B /* Debug */ = {
			isa = XCBuildConfiguration;
			buildSettings = {
				ASSETCATALOG_COMPILER_APPICON_NAME = AppIcon;
				INFOPLIST_FILE = TestForSegue/Info.plist;
				IPHONEOS_DEPLOYMENT_TARGET = 9.2;
				LD_RUNPATH_SEARCH_PATHS = "$(inherited) @executable_path/Frameworks";
				PRODUCT_BUNDLE_IDENTIFIER = com.qingyun.TestForSegue;
				PRODUCT_NAME = "$(TARGET_NAME)";
			};
			name = Debug;
		};
		CC6D3FE21D0EB5F4002A222B /* Release */ = {
			isa = XCBuildConfiguration;
			buildSettings = {
				ASSETCATALOG_COMPILER_APPICON_NAME = AppIcon;
				INFOPLIST_FILE = TestForSegue/Info.plist;
				IPHONEOS_DEPLOYMENT_TARGET = 9.2;
				LD_RUNPATH_SEARCH_PATHS = "$(inherited) @executable_path/Frameworks";
				PRODUCT_BUNDLE_IDENTIFIER = com.qingyun.TestForSegue;
				PRODUCT_NAME = "$(TARGET_NAME)";
			};
			name = Release;
		};
/* End XCBuildConfiguration section */

/* Begin XCConfigurationList section */
		CC6D3FC41D0EB5F4002A222B /* Build configuration list for PBXProject "TestForSegue" */ = {
			isa = XCConfigurationList;
			buildConfigurations = (
				CC6D3FDE1D0EB5F4002A222B /* Debug */,
				CC6D3FDF1D0EB5F4002A222B /* Release */,
			);
			defaultConfigurationIsVisible = 0;
			defaultConfigurationName = Release;
		};
		CC6D3FE01D0EB5F4002A222B /* Build configuration list for PBXNativeTarget "TestForSegue" */ = {
			isa = XCConfigurationList;
			buildConfigurations = (
				CC6D3FE11D0EB5F4002A222B /* Debug */,
				CC6D3FE21D0EB5F4002A222B /* Release */,
			);
			defaultConfigurationIsVisible = 0;
			defaultConfigurationName = Release;
		};
/* End XCConfigurationList section */
	};
	rootObject = CC6D3FC11D0EB5F4002A222B /* Project object */;
}
