// !$*UTF8*$!
{
	archiveVersion = 1;
	classes = {
	};
	objectVersion = 46;
	objects = {

/* Begin PBXBuildFile section */
		CCAC5DE51D12C0BF00A09943 /* main.m in Sources */ = {isa = PBXBuildFile; fileRef = CCAC5DE41D12C0BF00A09943 /* main.m */; };
		CCAC5DED1D12C0E400A09943 /* Student.m in Sources */ = {isa = PBXBuildFile; fileRef = CCAC5DEC1D12C0E400A09943 /* Student.m */; };
/* End PBXBuildFile section */

/* Begin PBXCopyFilesBuildPhase section */
		CCAC5DDF1D12C0BF00A09943 /* CopyFiles */ = {
			isa = PBXCopyFilesBuildPhase;
			buildActionMask = 2147483647;
			dstPath = /usr/share/man/man1/;
			dstSubfolderSpec = 0;
			files = (
			);
			runOnlyForDeploymentPostprocessing = 1;
		};
/* End PBXCopyFilesBuildPhase section */

/* Begin PBXFileReference section */
		CCAC5DE11D12C0BF00A09943 /* 上机题1-数据转模型 */ = {isa = PBXFileReference; explicitFileType = "compiled.mach-o.executable"; includeInIndex = 0; path = "上机题1-数据转模型"; sourceTree = BUILT_PRODUCTS_DIR; };
		CCAC5DE41D12C0BF00A09943 /* main.m */ = {isa = PBXFileReference; lastKnownFileType = sourcecode.c.objc; path = main.m; sourceTree = "<group>"; };
		CCAC5DEB1D12C0E400A09943 /* Student.h */ = {isa = PBXFileReference; fileEncoding = 4; lastKnownFileType = sourcecode.c.h; path = Student.h; sourceTree = "<group>"; };
		CCAC5DEC1D12C0E400A09943 /* Student.m */ = {isa = PBXFileReference; fileEncoding = 4; lastKnownFileType = sourcecode.c.objc; path = Student.m; sourceTree = "<group>"; };
/* End PBXFileReference section */

/* Begin PBXFrameworksBuildPhase section */
		CCAC5DDE1D12C0BF00A09943 /* Frameworks */ = {
			isa = PBXFrameworksBuildPhase;
			buildActionMask = 2147483647;
			files = (
			);
			runOnlyForDeploymentPostprocessing = 0;
		};
/* End PBXFrameworksBuildPhase section */

/* Begin PBXGroup section */
		CCAC5DD81D12C0BF00A09943 = {
			isa = PBXGroup;
			children = (
				CCAC5DE31D12C0BF00A09943 /* 上机题1-数据转模型 */,
				CCAC5DE21D12C0BF00A09943 /* Products */,
			);
			sourceTree = "<group>";
		};
		CCAC5DE21D12C0BF00A09943 /* Products */ = {
			isa = PBXGroup;
			children = (
				CCAC5DE11D12C0BF00A09943 /* 上机题1-数据转模型 */,
			);
			name = Products;
			sourceTree = "<group>";
		};
		CCAC5DE31D12C0BF00A09943 /* 上机题1-数据转模型 */ = {
			isa = PBXGroup;
			children = (
				CCAC5DE41D12C0BF00A09943 /* main.m */,
				CCAC5DEB1D12C0E400A09943 /* Student.h */,
				CCAC5DEC1D12C0E400A09943 /* Student.m */,
			);
			path = "上机题1-数据转模型";
			sourceTree = "<group>";
		};
/* End PBXGroup section */

/* Begin PBXNativeTarget section */
		CCAC5DE01D12C0BF00A09943 /* 上机题1-数据转模型 */ = {
			isa = PBXNativeTarget;
			buildConfigurationList = CCAC5DE81D12C0BF00A09943 /* Build configuration list for PBXNativeTarget "上机题1-数据转模型" */;
			buildPhases = (
				CCAC5DDD1D12C0BF00A09943 /* Sources */,
				CCAC5DDE1D12C0BF00A09943 /* Frameworks */,
				CCAC5DDF1D12C0BF00A09943 /* CopyFiles */,
			);
			buildRules = (
			);
			dependencies = (
			);
			name = "上机题1-数据转模型";
			productName = "上机题1-数据转模型";
			productReference = CCAC5DE11D12C0BF00A09943 /* 上机题1-数据转模型 */;
			productType = "com.apple.product-type.tool";
		};
/* End PBXNativeTarget section */

/* Begin PBXProject section */
		CCAC5DD91D12C0BF00A09943 /* Project object */ = {
			isa = PBXProject;
			attributes = {
				LastUpgradeCheck = 0730;
				ORGANIZATIONNAME = qingyun;
				TargetAttributes = {
					CCAC5DE01D12C0BF00A09943 = {
						CreatedOnToolsVersion = 7.3;
					};
				};
			};
			buildConfigurationList = CCAC5DDC1D12C0BF00A09943 /* Build configuration list for PBXProject "上机题1-数据转模型" */;
			compatibilityVersion = "Xcode 3.2";
			developmentRegion = English;
			hasScannedForEncodings = 0;
			knownRegions = (
				en,
			);
			mainGroup = CCAC5DD81D12C0BF00A09943;
			productRefGroup = CCAC5DE21D12C0BF00A09943 /* Products */;
			projectDirPath = "";
			projectRoot = "";
			targets = (
				CCAC5DE01D12C0BF00A09943 /* 上机题1-数据转模型 */,
			);
		};
/* End PBXProject section */

/* Begin PBXSourcesBuildPhase section */
		CCAC5DDD1D12C0BF00A09943 /* Sources */ = {
			isa = PBXSourcesBuildPhase;
			buildActionMask = 2147483647;
			files = (
				CCAC5DE51D12C0BF00A09943 /* main.m in Sources */,
				CCAC5DED1D12C0E400A09943 /* Student.m in Sources */,
			);
			runOnlyForDeploymentPostprocessing = 0;
		};
/* End PBXSourcesBuildPhase section */

/* Begin XCBuildConfiguration section */
		CCAC5DE61D12C0BF00A09943 /* Debug */ = {
			isa = XCBuildConfiguration;
			buildSettings = {
				ALWAYS_SEARCH_USER_PATHS = NO;
				CLANG_ANALYZER_NONNULL = YES;
				CLANG_CXX_LANGUAGE_STANDARD = "gnu++0x";
				CLANG_CXX_LIBRARY = "libc++";
				CLANG_ENABLE_MODULES = YES;
				CLANG_ENABLE_OBJC_ARC = YES;
				CLANG_WARN_BOOL_CONVERSION = YES;
				CLANG_WARN_CONSTANT_CONVERSION = YES;
				CLANG_WARN_DIRECT_OBJC_ISA_USAGE = YES_ERROR;
				CLANG_WARN_EMPTY_BODY = YES;
				CLANG_WARN_ENUM_CONVERSION = YES;
				CLANG_WARN_INT_CONVERSION = YES;
				CLANG_WARN_OBJC_ROOT_CLASS = YES_ERROR;
				CLANG_WARN_UNREACHABLE_CODE = YES;
				CLANG_WARN__DUPLICATE_METHOD_MATCH = YES;
				CODE_SIGN_IDENTITY = "-";
				COPY_PHASE_STRIP = NO;
				DEBUG_INFORMATION_FORMAT = dwarf;
				ENABLE_STRICT_OBJC_MSGSEND = YES;
				ENABLE_TESTABILITY = YES;
				GCC_C_LANGUAGE_STANDARD = gnu99;
				GCC_DYNAMIC_NO_PIC = NO;
				GCC_NO_COMMON_BLOCKS = YES;
				GCC_OPTIMIZATION_LEVEL = 0;
				GCC_PREPROCESSOR_DEFINITIONS = (
					"DEBUG=1",
					"$(inherited)",
				);
				GCC_WARN_64_TO_32_BIT_CONVERSION = YES;
				GCC_WARN_ABOUT_RETURN_TYPE = YES_ERROR;
				GCC_WARN_UNDECLARED_SELECTOR = YES;
				GCC_WARN_UNINITIALIZED_AUTOS = YES_AGGRESSIVE;
				GCC_WARN_UNUSED_FUNCTION = YES;
				GCC_WARN_UNUSED_VARIABLE = YES;
				MACOSX_DEPLOYMENT_TARGET = 10.11;
				MTL_ENABLE_DEBUG_INFO = YES;
				ONLY_ACTIVE_ARCH = YES;
				SDKROOT = macosx;
			};
			name = Debug;
		};
		CCAC5DE71D12C0BF00A09943 /* Release */ = {
			isa = XCBuildConfiguration;
			buildSettings = {
				ALWAYS_SEARCH_USER_PATHS = NO;
				CLANG_ANALYZER_NONNULL = YES;
				CLANG_CXX_LANGUAGE_STANDARD = "gnu++0x";
				CLANG_CXX_LIBRARY = "libc++";
				CLANG_ENABLE_MODULES = YES;
				CLANG_ENABLE_OBJC_ARC = YES;
				CLANG_WARN_BOOL_CONVERSION = YES;
				CLANG_WARN_CONSTANT_CONVERSION = YES;
				CLANG_WARN_DIRECT_OBJC_ISA_USAGE = YES_ERROR;
				CLANG_WARN_EMPTY_BODY = YES;
				CLANG_WARN_ENUM_CONVERSION = YES;
				CLANG_WARN_INT_CONVERSION = YES;
				CLANG_WARN_OBJC_ROOT_CLASS = YES_ERROR;
				CLANG_WARN_UNREACHABLE_CODE = YES;
				CLANG_WARN__DUPLICATE_METHOD_MATCH = YES;
				CODE_SIGN_IDENTITY = "-";
				COPY_PHASE_STRIP = NO;
				DEBUG_INFORMATION_FORMAT = "dwarf-with-dsym";
				ENABLE_NS_ASSERTIONS = NO;
				ENABLE_STRICT_OBJC_MSGSEND = YES;
				GCC_C_LANGUAGE_STANDARD = gnu99;
				GCC_NO_COMMON_BLOCKS = YES;
				GCC_WARN_64_TO_32_BIT_CONVERSION = YES;
				GCC_WARN_ABOUT_RETURN_TYPE = YES_ERROR;
				GCC_WARN_UNDECLARED_SELECTOR = YES;
				GCC_WARN_UNINITIALIZED_AUTOS = YES_AGGRESSIVE;
				GCC_WARN_UNUSED_FUNCTION = YES;
				GCC_WARN_UNUSED_VARIABLE = YES;
				MACOSX_DEPLOYMENT_TARGET = 10.11;
				MTL_ENABLE_DEBUG_INFO = NO;
				SDKROOT = macosx;
			};
			name = Release;
		};
		CCAC5DE91D12C0BF00A09943 /* Debug */ = {
			isa = XCBuildConfiguration;
			buildSettings = {
				PRODUCT_NAME = "$(TARGET_NAME)";
			};
			name = Debug;
		};
		CCAC5DEA1D12C0BF00A09943 /* Release */ = {
			isa = XCBuildConfiguration;
			buildSettings = {
				PRODUCT_NAME = "$(TARGET_NAME)";
			};
			name = Release;
		};
/* End XCBuildConfiguration section */

/* Begin XCConfigurationList section */
		CCAC5DDC1D12C0BF00A09943 /* Build configuration list for PBXProject "上机题1-数据转模型" */ = {
			isa = XCConfigurationList;
			buildConfigurations = (
				CCAC5DE61D12C0BF00A09943 /* Debug */,
				CCAC5DE71D12C0BF00A09943 /* Release */,
			);
			defaultConfigurationIsVisible = 0;
			defaultConfigurationName = Release;
		};
		CCAC5DE81D12C0BF00A09943 /* Build configuration list for PBXNativeTarget "上机题1-数据转模型" */ = {
			isa = XCConfigurationList;
			buildConfigurations = (
				CCAC5DE91D12C0BF00A09943 /* Debug */,
				CCAC5DEA1D12C0BF00A09943 /* Release */,
			);
			defaultConfigurationIsVisible = 0;
		};
/* End XCConfigurationList section */
	};
	rootObject = CCAC5DD91D12C0BF00A09943 /* Project object */;
}
