// !$*UTF8*$!
{
	archiveVersion = 1;
	classes = {
	};
	objectVersion = 46;
	objects = {

/* Begin PBXBuildFile section */
		CC6BDD1F1D22724A001D9AD8 /* main.m in Sources */ = {isa = PBXBuildFile; fileRef = CC6BDD1E1D22724A001D9AD8 /* main.m */; };
		CC6BDD221D22724A001D9AD8 /* AppDelegate.m in Sources */ = {isa = PBXBuildFile; fileRef = CC6BDD211D22724A001D9AD8 /* AppDelegate.m */; };
		CC6BDD251D22724A001D9AD8 /* ViewController.m in Sources */ = {isa = PBXBuildFile; fileRef = CC6BDD241D22724A001D9AD8 /* ViewController.m */; };
		CC6BDD281D22724A001D9AD8 /* Main.storyboard in Resources */ = {isa = PBXBuildFile; fileRef = CC6BDD261D22724A001D9AD8 /* Main.storyboard */; };
		CC6BDD2A1D22724A001D9AD8 /* Assets.xcassets in Resources */ = {isa = PBXBuildFile; fileRef = CC6BDD291D22724A001D9AD8 /* Assets.xcassets */; };
		CC6BDD2D1D22724A001D9AD8 /* LaunchScreen.storyboard in Resources */ = {isa = PBXBuildFile; fileRef = CC6BDD2B1D22724A001D9AD8 /* LaunchScreen.storyboard */; };
/* End PBXBuildFile section */

/* Begin PBXFileReference section */
		CC6BDD1A1D22724A001D9AD8 /* Demo04_串讲.app */ = {isa = PBXFileReference; explicitFileType = wrapper.application; includeInIndex = 0; path = "Demo04_串讲.app"; sourceTree = BUILT_PRODUCTS_DIR; };
		CC6BDD1E1D22724A001D9AD8 /* main.m */ = {isa = PBXFileReference; lastKnownFileType = sourcecode.c.objc; path = main.m; sourceTree = "<group>"; };
		CC6BDD201D22724A001D9AD8 /* AppDelegate.h */ = {isa = PBXFileReference; lastKnownFileType = sourcecode.c.h; path = AppDelegate.h; sourceTree = "<group>"; };
		CC6BDD211D22724A001D9AD8 /* AppDelegate.m */ = {isa = PBXFileReference; lastKnownFileType = sourcecode.c.objc; path = AppDelegate.m; sourceTree = "<group>"; };
		CC6BDD231D22724A001D9AD8 /* ViewController.h */ = {isa = PBXFileReference; lastKnownFileType = sourcecode.c.h; path = ViewController.h; sourceTree = "<group>"; };
		CC6BDD241D22724A001D9AD8 /* ViewController.m */ = {isa = PBXFileReference; lastKnownFileType = sourcecode.c.objc; path = ViewController.m; sourceTree = "<group>"; };
		CC6BDD271D22724A001D9AD8 /* Base */ = {isa = PBXFileReference; lastKnownFileType = file.storyboard; name = Base; path = Base.lproj/Main.storyboard; sourceTree = "<group>"; };
		CC6BDD291D22724A001D9AD8 /* Assets.xcassets */ = {isa = PBXFileReference; lastKnownFileType = folder.assetcatalog; path = Assets.xcassets; sourceTree = "<group>"; };
		CC6BDD2C1D22724A001D9AD8 /* Base */ = {isa = PBXFileReference; lastKnownFileType = file.storyboard; name = Base; path = Base.lproj/LaunchScreen.storyboard; sourceTree = "<group>"; };
		CC6BDD2E1D22724A001D9AD8 /* Info.plist */ = {isa = PBXFileReference; lastKnownFileType = text.plist.xml; path = Info.plist; sourceTree = "<group>"; };
/* End PBXFileReference section */

/* Begin PBXFrameworksBuildPhase section */
		CC6BDD171D22724A001D9AD8 /* Frameworks */ = {
			isa = PBXFrameworksBuildPhase;
			buildActionMask = 2147483647;
			files = (
			);
			runOnlyForDeploymentPostprocessing = 0;
		};
/* End PBXFrameworksBuildPhase section */

/* Begin PBXGroup section */
		CC6BDD111D22724A001D9AD8 = {
			isa = PBXGroup;
			children = (
				CC6BDD1C1D22724A001D9AD8 /* Demo04_串讲 */,
				CC6BDD1B1D22724A001D9AD8 /* Products */,
			);
			sourceTree = "<group>";
		};
		CC6BDD1B1D22724A001D9AD8 /* Products */ = {
			isa = PBXGroup;
			children = (
				CC6BDD1A1D22724A001D9AD8 /* Demo04_串讲.app */,
			);
			name = Products;
			sourceTree = "<group>";
		};
		CC6BDD1C1D22724A001D9AD8 /* Demo04_串讲 */ = {
			isa = PBXGroup;
			children = (
				CC6BDD201D22724A001D9AD8 /* AppDelegate.h */,
				CC6BDD211D22724A001D9AD8 /* AppDelegate.m */,
				CC6BDD231D22724A001D9AD8 /* ViewController.h */,
				CC6BDD241D22724A001D9AD8 /* ViewController.m */,
				CC6BDD261D22724A001D9AD8 /* Main.storyboard */,
				CC6BDD291D22724A001D9AD8 /* Assets.xcassets */,
				CC6BDD2B1D22724A001D9AD8 /* LaunchScreen.storyboard */,
				CC6BDD2E1D22724A001D9AD8 /* Info.plist */,
				CC6BDD1D1D22724A001D9AD8 /* Supporting Files */,
			);
			path = "Demo04_串讲";
			sourceTree = "<group>";
		};
		CC6BDD1D1D22724A001D9AD8 /* Supporting Files */ = {
			isa = PBXGroup;
			children = (
				CC6BDD1E1D22724A001D9AD8 /* main.m */,
			);
			name = "Supporting Files";
			sourceTree = "<group>";
		};
/* End PBXGroup section */

/* Begin PBXNativeTarget section */
		CC6BDD191D22724A001D9AD8 /* Demo04_串讲 */ = {
			isa = PBXNativeTarget;
			buildConfigurationList = CC6BDD311D22724A001D9AD8 /* Build configuration list for PBXNativeTarget "Demo04_串讲" */;
			buildPhases = (
				CC6BDD161D22724A001D9AD8 /* Sources */,
				CC6BDD171D22724A001D9AD8 /* Frameworks */,
				CC6BDD181D22724A001D9AD8 /* Resources */,
			);
			buildRules = (
			);
			dependencies = (
			);
			name = "Demo04_串讲";
			productName = "Demo04_串讲";
			productReference = CC6BDD1A1D22724A001D9AD8 /* Demo04_串讲.app */;
			productType = "com.apple.product-type.application";
		};
/* End PBXNativeTarget section */

/* Begin PBXProject section */
		CC6BDD121D22724A001D9AD8 /* Project object */ = {
			isa = PBXProject;
			attributes = {
				LastUpgradeCheck = 0730;
				ORGANIZATIONNAME = qingyun;
				TargetAttributes = {
					CC6BDD191D22724A001D9AD8 = {
						CreatedOnToolsVersion = 7.3;
					};
				};
			};
			buildConfigurationList = CC6BDD151D22724A001D9AD8 /* Build configuration list for PBXProject "Demo04_串讲" */;
			compatibilityVersion = "Xcode 3.2";
			developmentRegion = English;
			hasScannedForEncodings = 0;
			knownRegions = (
				en,
				Base,
			);
			mainGroup = CC6BDD111D22724A001D9AD8;
			productRefGroup = CC6BDD1B1D22724A001D9AD8 /* Products */;
			projectDirPath = "";
			projectRoot = "";
			targets = (
				CC6BDD191D22724A001D9AD8 /* Demo04_串讲 */,
			);
		};
/* End PBXProject section */

/* Begin PBXResourcesBuildPhase section */
		CC6BDD181D22724A001D9AD8 /* Resources */ = {
			isa = PBXResourcesBuildPhase;
			buildActionMask = 2147483647;
			files = (
				CC6BDD2D1D22724A001D9AD8 /* LaunchScreen.storyboard in Resources */,
				CC6BDD2A1D22724A001D9AD8 /* Assets.xcassets in Resources */,
				CC6BDD281D22724A001D9AD8 /* Main.storyboard in Resources */,
			);
			runOnlyForDeploymentPostprocessing = 0;
		};
/* End PBXResourcesBuildPhase section */

/* Begin PBXSourcesBuildPhase section */
		CC6BDD161D22724A001D9AD8 /* Sources */ = {
			isa = PBXSourcesBuildPhase;
			buildActionMask = 2147483647;
			files = (
				CC6BDD251D22724A001D9AD8 /* ViewController.m in Sources */,
				CC6BDD221D22724A001D9AD8 /* AppDelegate.m in Sources */,
				CC6BDD1F1D22724A001D9AD8 /* main.m in Sources */,
			);
			runOnlyForDeploymentPostprocessing = 0;
		};
/* End PBXSourcesBuildPhase section */

/* Begin PBXVariantGroup section */
		CC6BDD261D22724A001D9AD8 /* Main.storyboard */ = {
			isa = PBXVariantGroup;
			children = (
				CC6BDD271D22724A001D9AD8 /* Base */,
			);
			name = Main.storyboard;
			sourceTree = "<group>";
		};
		CC6BDD2B1D22724A001D9AD8 /* LaunchScreen.storyboard */ = {
			isa = PBXVariantGroup;
			children = (
				CC6BDD2C1D22724A001D9AD8 /* Base */,
			);
			name = LaunchScreen.storyboard;
			sourceTree = "<group>";
		};
/* End PBXVariantGroup section */

/* Begin XCBuildConfiguration section */
		CC6BDD2F1D22724A001D9AD8 /* Debug */ = {
			isa = XCBuildConfiguration;
			buildSettings = {
				ALWAYS_SEARCH_USER_PATHS = NO;
				CLANG_ANALYZER_NONNULL = YES;
				CLANG_CXX_LANGUAGE_STANDARD = "gnu++0x";
				CLANG_CXX_LIBRARY = "libc++";
				CLANG_ENABLE_MODULES = YES;
				CLANG_ENABLE_OBJC_ARC = YES;
				CLANG_WARN_BOOL_CONVERSION = YES;
				CLANG_WARN_CONSTANT_CONVERSION = YES;
				CLANG_WARN_DIRECT_OBJC_ISA_USAGE = YES_ERROR;
				CLANG_WARN_EMPTY_BODY = YES;
				CLANG_WARN_ENUM_CONVERSION = YES;
				CLANG_WARN_INT_CONVERSION = YES;
				CLANG_WARN_OBJC_ROOT_CLASS = YES_ERROR;
				CLANG_WARN_UNREACHABLE_CODE = YES;
				CLANG_WARN__DUPLICATE_METHOD_MATCH = YES;
				"CODE_SIGN_IDENTITY[sdk=iphoneos*]" = "iPhone Developer";
				COPY_PHASE_STRIP = NO;
				DEBUG_INFORMATION_FORMAT = dwarf;
				ENABLE_STRICT_OBJC_MSGSEND = YES;
				ENABLE_TESTABILITY = YES;
				GCC_C_LANGUAGE_STANDARD = gnu99;
				GCC_DYNAMIC_NO_PIC = NO;
				GCC_NO_COMMON_BLOCKS = YES;
				GCC_OPTIMIZATION_LEVEL = 0;
				GCC_PREPROCESSOR_DEFINITIONS = (
					"DEBUG=1",
					"$(inherited)",
				);
				GCC_WARN_64_TO_32_BIT_CONVERSION = YES;
				GCC_WARN_ABOUT_RETURN_TYPE = YES_ERROR;
				GCC_WARN_UNDECLARED_SELECTOR = YES;
				GCC_WARN_UNINITIALIZED_AUTOS = YES_AGGRESSIVE;
				GCC_WARN_UNUSED_FUNCTION = YES;
				GCC_WARN_UNUSED_VARIABLE = YES;
				IPHONEOS_DEPLOYMENT_TARGET = 9.3;
				MTL_ENABLE_DEBUG_INFO = YES;
				ONLY_ACTIVE_ARCH = YES;
				SDKROOT = iphoneos;
			};
			name = Debug;
		};
		CC6BDD301D22724A001D9AD8 /* Release */ = {
			isa = XCBuildConfiguration;
			buildSettings = {
				ALWAYS_SEARCH_USER_PATHS = NO;
				CLANG_ANALYZER_NONNULL = YES;
				CLANG_CXX_LANGUAGE_STANDARD = "gnu++0x";
				CLANG_CXX_LIBRARY = "libc++";
				CLANG_ENABLE_MODULES = YES;
				CLANG_ENABLE_OBJC_ARC = YES;
				CLANG_WARN_BOOL_CONVERSION = YES;
				CLANG_WARN_CONSTANT_CONVERSION = YES;
				CLANG_WARN_DIRECT_OBJC_ISA_USAGE = YES_ERROR;
				CLANG_WARN_EMPTY_BODY = YES;
				CLANG_WARN_ENUM_CONVERSION = YES;
				CLANG_WARN_INT_CONVERSION = YES;
				CLANG_WARN_OBJC_ROOT_CLASS = YES_ERROR;
				CLANG_WARN_UNREACHABLE_CODE = YES;
				CLANG_WARN__DUPLICATE_METHOD_MATCH = YES;
				"CODE_SIGN_IDENTITY[sdk=iphoneos*]" = "iPhone Developer";
				COPY_PHASE_STRIP = NO;
				DEBUG_INFORMATION_FORMAT = "dwarf-with-dsym";
				ENABLE_NS_ASSERTIONS = NO;
				ENABLE_STRICT_OBJC_MSGSEND = YES;
				GCC_C_LANGUAGE_STANDARD = gnu99;
				GCC_NO_COMMON_BLOCKS = YES;
				GCC_WARN_64_TO_32_BIT_CONVERSION = YES;
				GCC_WARN_ABOUT_RETURN_TYPE = YES_ERROR;
				GCC_WARN_UNDECLARED_SELECTOR = YES;
				GCC_WARN_UNINITIALIZED_AUTOS = YES_AGGRESSIVE;
				GCC_WARN_UNUSED_FUNCTION = YES;
				GCC_WARN_UNUSED_VARIABLE = YES;
				IPHONEOS_DEPLOYMENT_TARGET = 9.3;
				MTL_ENABLE_DEBUG_INFO = NO;
				SDKROOT = iphoneos;
				VALIDATE_PRODUCT = YES;
			};
			name = Release;
		};
		CC6BDD321D22724A001D9AD8 /* Debug */ = {
			isa = XCBuildConfiguration;
			buildSettings = {
				ASSETCATALOG_COMPILER_APPICON_NAME = AppIcon;
				INFOPLIST_FILE = "Demo04_串讲/Info.plist";
				LD_RUNPATH_SEARCH_PATHS = "$(inherited) @executable_path/Frameworks";
				PRODUCT_BUNDLE_IDENTIFIER = "com.qingyun.Demo04---";
				PRODUCT_NAME = "$(TARGET_NAME)";
			};
			name = Debug;
		};
		CC6BDD331D22724A001D9AD8 /* Release */ = {
			isa = XCBuildConfiguration;
			buildSettings = {
				ASSETCATALOG_COMPILER_APPICON_NAME = AppIcon;
				INFOPLIST_FILE = "Demo04_串讲/Info.plist";
				LD_RUNPATH_SEARCH_PATHS = "$(inherited) @executable_path/Frameworks";
				PRODUCT_BUNDLE_IDENTIFIER = "com.qingyun.Demo04---";
				PRODUCT_NAME = "$(TARGET_NAME)";
			};
			name = Release;
		};
/* End XCBuildConfiguration section */

/* Begin XCConfigurationList section */
		CC6BDD151D22724A001D9AD8 /* Build configuration list for PBXProject "Demo04_串讲" */ = {
			isa = XCConfigurationList;
			buildConfigurations = (
				CC6BDD2F1D22724A001D9AD8 /* Debug */,
				CC6BDD301D22724A001D9AD8 /* Release */,
			);
			defaultConfigurationIsVisible = 0;
			defaultConfigurationName = Release;
		};
		CC6BDD311D22724A001D9AD8 /* Build configuration list for PBXNativeTarget "Demo04_串讲" */ = {
			isa = XCConfigurationList;
			buildConfigurations = (
				CC6BDD321D22724A001D9AD8 /* Debug */,
				CC6BDD331D22724A001D9AD8 /* Release */,
			);
			defaultConfigurationIsVisible = 0;
		};
/* End XCConfigurationList section */
	};
	rootObject = CC6BDD121D22724A001D9AD8 /* Project object */;
}
