// !$*UTF8*$!
{
	archiveVersion = 1;
	classes = {
	};
	objectVersion = 46;
	objects = {

/* Begin PBXBuildFile section */
		CC8DE1661D26750900E7D803 /* main.m in Sources */ = {isa = PBXBuildFile; fileRef = CC8DE1651D26750900E7D803 /* main.m */; };
		CC8DE1691D26750900E7D803 /* AppDelegate.m in Sources */ = {isa = PBXBuildFile; fileRef = CC8DE1681D26750900E7D803 /* AppDelegate.m */; };
		CC8DE16C1D26750900E7D803 /* ViewController.m in Sources */ = {isa = PBXBuildFile; fileRef = CC8DE16B1D26750900E7D803 /* ViewController.m */; };
		CC8DE16F1D26750900E7D803 /* Main.storyboard in Resources */ = {isa = PBXBuildFile; fileRef = CC8DE16D1D26750900E7D803 /* Main.storyboard */; };
		CC8DE1711D26750900E7D803 /* Assets.xcassets in Resources */ = {isa = PBXBuildFile; fileRef = CC8DE1701D26750900E7D803 /* Assets.xcassets */; };
		CC8DE1741D26750900E7D803 /* LaunchScreen.storyboard in Resources */ = {isa = PBXBuildFile; fileRef = CC8DE1721D26750900E7D803 /* LaunchScreen.storyboard */; };
/* End PBXBuildFile section */

/* Begin PBXFileReference section */
		CC8DE1611D26750900E7D803 /* Demo05_ScrollViewInset_Navigation.app */ = {isa = PBXFileReference; explicitFileType = wrapper.application; includeInIndex = 0; path = Demo05_ScrollViewInset_Navigation.app; sourceTree = BUILT_PRODUCTS_DIR; };
		CC8DE1651D26750900E7D803 /* main.m */ = {isa = PBXFileReference; lastKnownFileType = sourcecode.c.objc; path = main.m; sourceTree = "<group>"; };
		CC8DE1671D26750900E7D803 /* AppDelegate.h */ = {isa = PBXFileReference; lastKnownFileType = sourcecode.c.h; path = AppDelegate.h; sourceTree = "<group>"; };
		CC8DE1681D26750900E7D803 /* AppDelegate.m */ = {isa = PBXFileReference; lastKnownFileType = sourcecode.c.objc; path = AppDelegate.m; sourceTree = "<group>"; };
		CC8DE16A1D26750900E7D803 /* ViewController.h */ = {isa = PBXFileReference; lastKnownFileType = sourcecode.c.h; path = ViewController.h; sourceTree = "<group>"; };
		CC8DE16B1D26750900E7D803 /* ViewController.m */ = {isa = PBXFileReference; lastKnownFileType = sourcecode.c.objc; path = ViewController.m; sourceTree = "<group>"; };
		CC8DE16E1D26750900E7D803 /* Base */ = {isa = PBXFileReference; lastKnownFileType = file.storyboard; name = Base; path = Base.lproj/Main.storyboard; sourceTree = "<group>"; };
		CC8DE1701D26750900E7D803 /* Assets.xcassets */ = {isa = PBXFileReference; lastKnownFileType = folder.assetcatalog; path = Assets.xcassets; sourceTree = "<group>"; };
		CC8DE1731D26750900E7D803 /* Base */ = {isa = PBXFileReference; lastKnownFileType = file.storyboard; name = Base; path = Base.lproj/LaunchScreen.storyboard; sourceTree = "<group>"; };
		CC8DE1751D26750900E7D803 /* Info.plist */ = {isa = PBXFileReference; lastKnownFileType = text.plist.xml; path = Info.plist; sourceTree = "<group>"; };
/* End PBXFileReference section */

/* Begin PBXFrameworksBuildPhase section */
		CC8DE15E1D26750900E7D803 /* Frameworks */ = {
			isa = PBXFrameworksBuildPhase;
			buildActionMask = 2147483647;
			files = (
			);
			runOnlyForDeploymentPostprocessing = 0;
		};
/* End PBXFrameworksBuildPhase section */

/* Begin PBXGroup section */
		CC8DE1581D26750900E7D803 = {
			isa = PBXGroup;
			children = (
				CC8DE1631D26750900E7D803 /* Demo05_ScrollViewInset_Navigation */,
				CC8DE1621D26750900E7D803 /* Products */,
			);
			sourceTree = "<group>";
		};
		CC8DE1621D26750900E7D803 /* Products */ = {
			isa = PBXGroup;
			children = (
				CC8DE1611D26750900E7D803 /* Demo05_ScrollViewInset_Navigation.app */,
			);
			name = Products;
			sourceTree = "<group>";
		};
		CC8DE1631D26750900E7D803 /* Demo05_ScrollViewInset_Navigation */ = {
			isa = PBXGroup;
			children = (
				CC8DE1671D26750900E7D803 /* AppDelegate.h */,
				CC8DE1681D26750900E7D803 /* AppDelegate.m */,
				CC8DE16A1D26750900E7D803 /* ViewController.h */,
				CC8DE16B1D26750900E7D803 /* ViewController.m */,
				CC8DE16D1D26750900E7D803 /* Main.storyboard */,
				CC8DE1701D26750900E7D803 /* Assets.xcassets */,
				CC8DE1721D26750900E7D803 /* LaunchScreen.storyboard */,
				CC8DE1751D26750900E7D803 /* Info.plist */,
				CC8DE1641D26750900E7D803 /* Supporting Files */,
			);
			path = Demo05_ScrollViewInset_Navigation;
			sourceTree = "<group>";
		};
		CC8DE1641D26750900E7D803 /* Supporting Files */ = {
			isa = PBXGroup;
			children = (
				CC8DE1651D26750900E7D803 /* main.m */,
			);
			name = "Supporting Files";
			sourceTree = "<group>";
		};
/* End PBXGroup section */

/* Begin PBXNativeTarget section */
		CC8DE1601D26750900E7D803 /* Demo05_ScrollViewInset_Navigation */ = {
			isa = PBXNativeTarget;
			buildConfigurationList = CC8DE1781D26750900E7D803 /* Build configuration list for PBXNativeTarget "Demo05_ScrollViewInset_Navigation" */;
			buildPhases = (
				CC8DE15D1D26750900E7D803 /* Sources */,
				CC8DE15E1D26750900E7D803 /* Frameworks */,
				CC8DE15F1D26750900E7D803 /* Resources */,
			);
			buildRules = (
			);
			dependencies = (
			);
			name = Demo05_ScrollViewInset_Navigation;
			productName = Demo05_ScrollViewInset_Navigation;
			productReference = CC8DE1611D26750900E7D803 /* Demo05_ScrollViewInset_Navigation.app */;
			productType = "com.apple.product-type.application";
		};
/* End PBXNativeTarget section */

/* Begin PBXProject section */
		CC8DE1591D26750900E7D803 /* Project object */ = {
			isa = PBXProject;
			attributes = {
				LastUpgradeCheck = 0730;
				ORGANIZATIONNAME = qingyun;
				TargetAttributes = {
					CC8DE1601D26750900E7D803 = {
						CreatedOnToolsVersion = 7.3;
					};
				};
			};
			buildConfigurationList = CC8DE15C1D26750900E7D803 /* Build configuration list for PBXProject "Demo05_ScrollViewInset_Navigation" */;
			compatibilityVersion = "Xcode 3.2";
			developmentRegion = English;
			hasScannedForEncodings = 0;
			knownRegions = (
				en,
				Base,
			);
			mainGroup = CC8DE1581D26750900E7D803;
			productRefGroup = CC8DE1621D26750900E7D803 /* Products */;
			projectDirPath = "";
			projectRoot = "";
			targets = (
				CC8DE1601D26750900E7D803 /* Demo05_ScrollViewInset_Navigation */,
			);
		};
/* End PBXProject section */

/* Begin PBXResourcesBuildPhase section */
		CC8DE15F1D26750900E7D803 /* Resources */ = {
			isa = PBXResourcesBuildPhase;
			buildActionMask = 2147483647;
			files = (
				CC8DE1741D26750900E7D803 /* LaunchScreen.storyboard in Resources */,
				CC8DE1711D26750900E7D803 /* Assets.xcassets in Resources */,
				CC8DE16F1D26750900E7D803 /* Main.storyboard in Resources */,
			);
			runOnlyForDeploymentPostprocessing = 0;
		};
/* End PBXResourcesBuildPhase section */

/* Begin PBXSourcesBuildPhase section */
		CC8DE15D1D26750900E7D803 /* Sources */ = {
			isa = PBXSourcesBuildPhase;
			buildActionMask = 2147483647;
			files = (
				CC8DE16C1D26750900E7D803 /* ViewController.m in Sources */,
				CC8DE1691D26750900E7D803 /* AppDelegate.m in Sources */,
				CC8DE1661D26750900E7D803 /* main.m in Sources */,
			);
			runOnlyForDeploymentPostprocessing = 0;
		};
/* End PBXSourcesBuildPhase section */

/* Begin PBXVariantGroup section */
		CC8DE16D1D26750900E7D803 /* Main.storyboard */ = {
			isa = PBXVariantGroup;
			children = (
				CC8DE16E1D26750900E7D803 /* Base */,
			);
			name = Main.storyboard;
			sourceTree = "<group>";
		};
		CC8DE1721D26750900E7D803 /* LaunchScreen.storyboard */ = {
			isa = PBXVariantGroup;
			children = (
				CC8DE1731D26750900E7D803 /* Base */,
			);
			name = LaunchScreen.storyboard;
			sourceTree = "<group>";
		};
/* End PBXVariantGroup section */

/* Begin XCBuildConfiguration section */
		CC8DE1761D26750900E7D803 /* Debug */ = {
			isa = XCBuildConfiguration;
			buildSettings = {
				ALWAYS_SEARCH_USER_PATHS = NO;
				CLANG_ANALYZER_NONNULL = YES;
				CLANG_CXX_LANGUAGE_STANDARD = "gnu++0x";
				CLANG_CXX_LIBRARY = "libc++";
				CLANG_ENABLE_MODULES = YES;
				CLANG_ENABLE_OBJC_ARC = YES;
				CLANG_WARN_BOOL_CONVERSION = YES;
				CLANG_WARN_CONSTANT_CONVERSION = YES;
				CLANG_WARN_DIRECT_OBJC_ISA_USAGE = YES_ERROR;
				CLANG_WARN_EMPTY_BODY = YES;
				CLANG_WARN_ENUM_CONVERSION = YES;
				CLANG_WARN_INT_CONVERSION = YES;
				CLANG_WARN_OBJC_ROOT_CLASS = YES_ERROR;
				CLANG_WARN_UNREACHABLE_CODE = YES;
				CLANG_WARN__DUPLICATE_METHOD_MATCH = YES;
				"CODE_SIGN_IDENTITY[sdk=iphoneos*]" = "iPhone Developer";
				COPY_PHASE_STRIP = NO;
				DEBUG_INFORMATION_FORMAT = dwarf;
				ENABLE_STRICT_OBJC_MSGSEND = YES;
				ENABLE_TESTABILITY = YES;
				GCC_C_LANGUAGE_STANDARD = gnu99;
				GCC_DYNAMIC_NO_PIC = NO;
				GCC_NO_COMMON_BLOCKS = YES;
				GCC_OPTIMIZATION_LEVEL = 0;
				GCC_PREPROCESSOR_DEFINITIONS = (
					"DEBUG=1",
					"$(inherited)",
				);
				GCC_WARN_64_TO_32_BIT_CONVERSION = YES;
				GCC_WARN_ABOUT_RETURN_TYPE = YES_ERROR;
				GCC_WARN_UNDECLARED_SELECTOR = YES;
				GCC_WARN_UNINITIALIZED_AUTOS = YES_AGGRESSIVE;
				GCC_WARN_UNUSED_FUNCTION = YES;
				GCC_WARN_UNUSED_VARIABLE = YES;
				IPHONEOS_DEPLOYMENT_TARGET = 9.3;
				MTL_ENABLE_DEBUG_INFO = YES;
				ONLY_ACTIVE_ARCH = YES;
				SDKROOT = iphoneos;
			};
			name = Debug;
		};
		CC8DE1771D26750900E7D803 /* Release */ = {
			isa = XCBuildConfiguration;
			buildSettings = {
				ALWAYS_SEARCH_USER_PATHS = NO;
				CLANG_ANALYZER_NONNULL = YES;
				CLANG_CXX_LANGUAGE_STANDARD = "gnu++0x";
				CLANG_CXX_LIBRARY = "libc++";
				CLANG_ENABLE_MODULES = YES;
				CLANG_ENABLE_OBJC_ARC = YES;
				CLANG_WARN_BOOL_CONVERSION = YES;
				CLANG_WARN_CONSTANT_CONVERSION = YES;
				CLANG_WARN_DIRECT_OBJC_ISA_USAGE = YES_ERROR;
				CLANG_WARN_EMPTY_BODY = YES;
				CLANG_WARN_ENUM_CONVERSION = YES;
				CLANG_WARN_INT_CONVERSION = YES;
				CLANG_WARN_OBJC_ROOT_CLASS = YES_ERROR;
				CLANG_WARN_UNREACHABLE_CODE = YES;
				CLANG_WARN__DUPLICATE_METHOD_MATCH = YES;
				"CODE_SIGN_IDENTITY[sdk=iphoneos*]" = "iPhone Developer";
				COPY_PHASE_STRIP = NO;
				DEBUG_INFORMATION_FORMAT = "dwarf-with-dsym";
				ENABLE_NS_ASSERTIONS = NO;
				ENABLE_STRICT_OBJC_MSGSEND = YES;
				GCC_C_LANGUAGE_STANDARD = gnu99;
				GCC_NO_COMMON_BLOCKS = YES;
				GCC_WARN_64_TO_32_BIT_CONVERSION = YES;
				GCC_WARN_ABOUT_RETURN_TYPE = YES_ERROR;
				GCC_WARN_UNDECLARED_SELECTOR = YES;
				GCC_WARN_UNINITIALIZED_AUTOS = YES_AGGRESSIVE;
				GCC_WARN_UNUSED_FUNCTION = YES;
				GCC_WARN_UNUSED_VARIABLE = YES;
				IPHONEOS_DEPLOYMENT_TARGET = 9.3;
				MTL_ENABLE_DEBUG_INFO = NO;
				SDKROOT = iphoneos;
				VALIDATE_PRODUCT = YES;
			};
			name = Release;
		};
		CC8DE1791D26750900E7D803 /* Debug */ = {
			isa = XCBuildConfiguration;
			buildSettings = {
				ASSETCATALOG_COMPILER_APPICON_NAME = AppIcon;
				INFOPLIST_FILE = Demo05_ScrollViewInset_Navigation/Info.plist;
				LD_RUNPATH_SEARCH_PATHS = "$(inherited) @executable_path/Frameworks";
				PRODUCT_BUNDLE_IDENTIFIER = "com.qingyun.Demo05-ScrollViewInset-Navigation";
				PRODUCT_NAME = "$(TARGET_NAME)";
			};
			name = Debug;
		};
		CC8DE17A1D26750900E7D803 /* Release */ = {
			isa = XCBuildConfiguration;
			buildSettings = {
				ASSETCATALOG_COMPILER_APPICON_NAME = AppIcon;
				INFOPLIST_FILE = Demo05_ScrollViewInset_Navigation/Info.plist;
				LD_RUNPATH_SEARCH_PATHS = "$(inherited) @executable_path/Frameworks";
				PRODUCT_BUNDLE_IDENTIFIER = "com.qingyun.Demo05-ScrollViewInset-Navigation";
				PRODUCT_NAME = "$(TARGET_NAME)";
			};
			name = Release;
		};
/* End XCBuildConfiguration section */

/* Begin XCConfigurationList section */
		CC8DE15C1D26750900E7D803 /* Build configuration list for PBXProject "Demo05_ScrollViewInset_Navigation" */ = {
			isa = XCConfigurationList;
			buildConfigurations = (
				CC8DE1761D26750900E7D803 /* Debug */,
				CC8DE1771D26750900E7D803 /* Release */,
			);
			defaultConfigurationIsVisible = 0;
			defaultConfigurationName = Release;
		};
		CC8DE1781D26750900E7D803 /* Build configuration list for PBXNativeTarget "Demo05_ScrollViewInset_Navigation" */ = {
			isa = XCConfigurationList;
			buildConfigurations = (
				CC8DE1791D26750900E7D803 /* Debug */,
				CC8DE17A1D26750900E7D803 /* Release */,
			);
			defaultConfigurationIsVisible = 0;
		};
/* End XCConfigurationList section */
	};
	rootObject = CC8DE1591D26750900E7D803 /* Project object */;
}
