// !$*UTF8*$!
{
	archiveVersion = 1;
	classes = {
	};
	objectVersion = 46;
	objects = {

/* Begin PBXBuildFile section */
		CC0C4C401D0FDEB1000090C1 /* main.m in Sources */ = {isa = PBXBuildFile; fileRef = CC0C4C3F1D0FDEB1000090C1 /* main.m */; };
		CC0C4C611D0FE5E8000090C1 /* Math.m in Sources */ = {isa = PBXBuildFile; fileRef = CC0C4C601D0FE5E8000090C1 /* Math.m */; };
/* End PBXBuildFile section */

/* Begin PBXCopyFilesBuildPhase section */
		CC0C4C3A1D0FDEB1000090C1 /* CopyFiles */ = {
			isa = PBXCopyFilesBuildPhase;
			buildActionMask = 2147483647;
			dstPath = /usr/share/man/man1/;
			dstSubfolderSpec = 0;
			files = (
			);
			runOnlyForDeploymentPostprocessing = 1;
		};
/* End PBXCopyFilesBuildPhase section */

/* Begin PBXFileReference section */
		CC0C4C3C1D0FDEB1000090C1 /* Block对变量的截获 */ = {isa = PBXFileReference; explicitFileType = "compiled.mach-o.executable"; includeInIndex = 0; path = "Block对变量的截获"; sourceTree = BUILT_PRODUCTS_DIR; };
		CC0C4C3F1D0FDEB1000090C1 /* main.m */ = {isa = PBXFileReference; lastKnownFileType = sourcecode.c.objc; path = main.m; sourceTree = "<group>"; };
		CC0C4C5F1D0FE5E8000090C1 /* Math.h */ = {isa = PBXFileReference; fileEncoding = 4; lastKnownFileType = sourcecode.c.h; path = Math.h; sourceTree = "<group>"; };
		CC0C4C601D0FE5E8000090C1 /* Math.m */ = {isa = PBXFileReference; fileEncoding = 4; lastKnownFileType = sourcecode.c.objc; path = Math.m; sourceTree = "<group>"; };
/* End PBXFileReference section */

/* Begin PBXFrameworksBuildPhase section */
		CC0C4C391D0FDEB1000090C1 /* Frameworks */ = {
			isa = PBXFrameworksBuildPhase;
			buildActionMask = 2147483647;
			files = (
			);
			runOnlyForDeploymentPostprocessing = 0;
		};
/* End PBXFrameworksBuildPhase section */

/* Begin PBXGroup section */
		CC0C4C331D0FDEB1000090C1 = {
			isa = PBXGroup;
			children = (
				CC0C4C3E1D0FDEB1000090C1 /* Block对变量的截获 */,
				CC0C4C3D1D0FDEB1000090C1 /* Products */,
			);
			sourceTree = "<group>";
		};
		CC0C4C3D1D0FDEB1000090C1 /* Products */ = {
			isa = PBXGroup;
			children = (
				CC0C4C3C1D0FDEB1000090C1 /* Block对变量的截获 */,
			);
			name = Products;
			sourceTree = "<group>";
		};
		CC0C4C3E1D0FDEB1000090C1 /* Block对变量的截获 */ = {
			isa = PBXGroup;
			children = (
				CC0C4C3F1D0FDEB1000090C1 /* main.m */,
				CC0C4C5F1D0FE5E8000090C1 /* Math.h */,
				CC0C4C601D0FE5E8000090C1 /* Math.m */,
			);
			path = "Block对变量的截获";
			sourceTree = "<group>";
		};
/* End PBXGroup section */

/* Begin PBXNativeTarget section */
		CC0C4C3B1D0FDEB1000090C1 /* Block对变量的截获 */ = {
			isa = PBXNativeTarget;
			buildConfigurationList = CC0C4C431D0FDEB1000090C1 /* Build configuration list for PBXNativeTarget "Block对变量的截获" */;
			buildPhases = (
				CC0C4C381D0FDEB1000090C1 /* Sources */,
				CC0C4C391D0FDEB1000090C1 /* Frameworks */,
				CC0C4C3A1D0FDEB1000090C1 /* CopyFiles */,
			);
			buildRules = (
			);
			dependencies = (
			);
			name = "Block对变量的截获";
			productName = "Block对变量的截获";
			productReference = CC0C4C3C1D0FDEB1000090C1 /* Block对变量的截获 */;
			productType = "com.apple.product-type.tool";
		};
/* End PBXNativeTarget section */

/* Begin PBXProject section */
		CC0C4C341D0FDEB1000090C1 /* Project object */ = {
			isa = PBXProject;
			attributes = {
				LastUpgradeCheck = 0730;
				ORGANIZATIONNAME = qingyun;
				TargetAttributes = {
					CC0C4C3B1D0FDEB1000090C1 = {
						CreatedOnToolsVersion = 7.3;
					};
				};
			};
			buildConfigurationList = CC0C4C371D0FDEB1000090C1 /* Build configuration list for PBXProject "Block对变量的截获" */;
			compatibilityVersion = "Xcode 3.2";
			developmentRegion = English;
			hasScannedForEncodings = 0;
			knownRegions = (
				en,
			);
			mainGroup = CC0C4C331D0FDEB1000090C1;
			productRefGroup = CC0C4C3D1D0FDEB1000090C1 /* Products */;
			projectDirPath = "";
			projectRoot = "";
			targets = (
				CC0C4C3B1D0FDEB1000090C1 /* Block对变量的截获 */,
			);
		};
/* End PBXProject section */

/* Begin PBXSourcesBuildPhase section */
		CC0C4C381D0FDEB1000090C1 /* Sources */ = {
			isa = PBXSourcesBuildPhase;
			buildActionMask = 2147483647;
			files = (
				CC0C4C611D0FE5E8000090C1 /* Math.m in Sources */,
				CC0C4C401D0FDEB1000090C1 /* main.m in Sources */,
			);
			runOnlyForDeploymentPostprocessing = 0;
		};
/* End PBXSourcesBuildPhase section */

/* Begin XCBuildConfiguration section */
		CC0C4C411D0FDEB1000090C1 /* Debug */ = {
			isa = XCBuildConfiguration;
			buildSettings = {
				ALWAYS_SEARCH_USER_PATHS = NO;
				CLANG_ANALYZER_NONNULL = YES;
				CLANG_CXX_LANGUAGE_STANDARD = "gnu++0x";
				CLANG_CXX_LIBRARY = "libc++";
				CLANG_ENABLE_MODULES = YES;
				CLANG_ENABLE_OBJC_ARC = YES;
				CLANG_WARN_BOOL_CONVERSION = YES;
				CLANG_WARN_CONSTANT_CONVERSION = YES;
				CLANG_WARN_DIRECT_OBJC_ISA_USAGE = YES_ERROR;
				CLANG_WARN_EMPTY_BODY = YES;
				CLANG_WARN_ENUM_CONVERSION = YES;
				CLANG_WARN_INT_CONVERSION = YES;
				CLANG_WARN_OBJC_ROOT_CLASS = YES_ERROR;
				CLANG_WARN_UNREACHABLE_CODE = YES;
				CLANG_WARN__DUPLICATE_METHOD_MATCH = YES;
				CODE_SIGN_IDENTITY = "-";
				COPY_PHASE_STRIP = NO;
				DEBUG_INFORMATION_FORMAT = dwarf;
				ENABLE_STRICT_OBJC_MSGSEND = YES;
				ENABLE_TESTABILITY = YES;
				GCC_C_LANGUAGE_STANDARD = gnu99;
				GCC_DYNAMIC_NO_PIC = NO;
				GCC_NO_COMMON_BLOCKS = YES;
				GCC_OPTIMIZATION_LEVEL = 0;
				GCC_PREPROCESSOR_DEFINITIONS = (
					"DEBUG=1",
					"$(inherited)",
				);
				GCC_WARN_64_TO_32_BIT_CONVERSION = YES;
				GCC_WARN_ABOUT_RETURN_TYPE = YES_ERROR;
				GCC_WARN_UNDECLARED_SELECTOR = YES;
				GCC_WARN_UNINITIALIZED_AUTOS = YES_AGGRESSIVE;
				GCC_WARN_UNUSED_FUNCTION = YES;
				GCC_WARN_UNUSED_VARIABLE = YES;
				MACOSX_DEPLOYMENT_TARGET = 10.11;
				MTL_ENABLE_DEBUG_INFO = YES;
				ONLY_ACTIVE_ARCH = YES;
				SDKROOT = macosx;
			};
			name = Debug;
		};
		CC0C4C421D0FDEB1000090C1 /* Release */ = {
			isa = XCBuildConfiguration;
			buildSettings = {
				ALWAYS_SEARCH_USER_PATHS = NO;
				CLANG_ANALYZER_NONNULL = YES;
				CLANG_CXX_LANGUAGE_STANDARD = "gnu++0x";
				CLANG_CXX_LIBRARY = "libc++";
				CLANG_ENABLE_MODULES = YES;
				CLANG_ENABLE_OBJC_ARC = YES;
				CLANG_WARN_BOOL_CONVERSION = YES;
				CLANG_WARN_CONSTANT_CONVERSION = YES;
				CLANG_WARN_DIRECT_OBJC_ISA_USAGE = YES_ERROR;
				CLANG_WARN_EMPTY_BODY = YES;
				CLANG_WARN_ENUM_CONVERSION = YES;
				CLANG_WARN_INT_CONVERSION = YES;
				CLANG_WARN_OBJC_ROOT_CLASS = YES_ERROR;
				CLANG_WARN_UNREACHABLE_CODE = YES;
				CLANG_WARN__DUPLICATE_METHOD_MATCH = YES;
				CODE_SIGN_IDENTITY = "-";
				COPY_PHASE_STRIP = NO;
				DEBUG_INFORMATION_FORMAT = "dwarf-with-dsym";
				ENABLE_NS_ASSERTIONS = NO;
				ENABLE_STRICT_OBJC_MSGSEND = YES;
				GCC_C_LANGUAGE_STANDARD = gnu99;
				GCC_NO_COMMON_BLOCKS = YES;
				GCC_WARN_64_TO_32_BIT_CONVERSION = YES;
				GCC_WARN_ABOUT_RETURN_TYPE = YES_ERROR;
				GCC_WARN_UNDECLARED_SELECTOR = YES;
				GCC_WARN_UNINITIALIZED_AUTOS = YES_AGGRESSIVE;
				GCC_WARN_UNUSED_FUNCTION = YES;
				GCC_WARN_UNUSED_VARIABLE = YES;
				MACOSX_DEPLOYMENT_TARGET = 10.11;
				MTL_ENABLE_DEBUG_INFO = NO;
				SDKROOT = macosx;
			};
			name = Release;
		};
		CC0C4C441D0FDEB1000090C1 /* Debug */ = {
			isa = XCBuildConfiguration;
			buildSettings = {
				PRODUCT_NAME = "$(TARGET_NAME)";
			};
			name = Debug;
		};
		CC0C4C451D0FDEB1000090C1 /* Release */ = {
			isa = XCBuildConfiguration;
			buildSettings = {
				PRODUCT_NAME = "$(TARGET_NAME)";
			};
			name = Release;
		};
/* End XCBuildConfiguration section */

/* Begin XCConfigurationList section */
		CC0C4C371D0FDEB1000090C1 /* Build configuration list for PBXProject "Block对变量的截获" */ = {
			isa = XCConfigurationList;
			buildConfigurations = (
				CC0C4C411D0FDEB1000090C1 /* Debug */,
				CC0C4C421D0FDEB1000090C1 /* Release */,
			);
			defaultConfigurationIsVisible = 0;
			defaultConfigurationName = Release;
		};
		CC0C4C431D0FDEB1000090C1 /* Build configuration list for PBXNativeTarget "Block对变量的截获" */ = {
			isa = XCConfigurationList;
			buildConfigurations = (
				CC0C4C441D0FDEB1000090C1 /* Debug */,
				CC0C4C451D0FDEB1000090C1 /* Release */,
			);
			defaultConfigurationIsVisible = 0;
		};
/* End XCConfigurationList section */
	};
	rootObject = CC0C4C341D0FDEB1000090C1 /* Project object */;
}
